
Microsoft Visual Studio Solution File, Format Version 12.00
# Visual Studio Version 17
VisualStudioVersion = 17.4.33213.308
MinimumVisualStudioVersion = 10.0.40219.1
Project("{FAE04EC0-301F-11D3-BF4B-00C04F79EFBC}") = "Ragnarock", "Ragnarock\Ragnarock.csproj", "{49116056-B7D6-4816-950B-01640F32468A}"
EndProject
Global
	GlobalSection(SolutionConfigurationPlatforms) = preSolution
		Debug|Any CPU = Debug|Any CPU
		Release|Any CPU = Release|Any CPU
	EndGlobalSection
	GlobalSection(ProjectConfigurationPlatforms) = postSolution
		{49116056-B7D6-4816-950B-01640F32468A}.Debug|Any CPU.ActiveCfg = Debug|Any CPU
		{49116056-B7D6-4816-950B-01640F32468A}.Debug|Any CPU.Build.0 = Debug|Any CPU
		{49116056-B7D6-4816-950B-01640F32468A}.Release|Any CPU.ActiveCfg = Release|Any CPU
		{49116056-B7D6-4816-950B-01640F32468A}.Release|Any CPU.Build.0 = Release|Any CPU
	EndGlobalSection
	GlobalSection(SolutionProperties) = preSolution
		HideSolutionNode = FALSE
	EndGlobalSection
	GlobalSection(ExtensibilityGlobals) = postSolution
		SolutionGuid = {1AB9DE72-F4ED-4069-94F5-CFD80E3457FA}
	EndGlobalSection
EndGlobal
